// !$*UTF8*$!
{
	archiveVersion = 1;
	classes = {
	};
	objectVersion = 56;
	objects = {

/* Begin PBXBuildFile section */
		602A18A52B98485900E7B73C /* Double+.swift in Sources */ = {isa = PBXBuildFile; fileRef = 602A18A42B98485900E7B73C /* Double+.swift */; };
		6060F64C2B970F1900AE4402 /* Discount.swift in Sources */ = {isa = PBXBuildFile; fileRef = 6060F64B2B970F1900AE4402 /* Discount.swift */; };
		6060F64E2B970F5500AE4402 /* DiscountStrategy.swift in Sources */ = {isa = PBXBuildFile; fileRef = 6060F64D2B970F5500AE4402 /* DiscountStrategy.swift */; };
		6060F6512B970F7E00AE4402 /* DiscountRatio.swift in Sources */ = {isa = PBXBuildFile; fileRef = 6060F6502B970F7E00AE4402 /* DiscountRatio.swift */; };
		60BDBB072B95E7720025D49D /* ReceiverInformation.swift in Sources */ = {isa = PBXBuildFile; fileRef = 60BDBB062B95E7720025D49D /* ReceiverInformation.swift */; };
		60BDBB092B95E7950025D49D /* ParcelInformation.swift in Sources */ = {isa = PBXBuildFile; fileRef = 60BDBB082B95E7950025D49D /* ParcelInformation.swift */; };
		60BDBB152B95F44C0025D49D /* CostInformation.swift in Sources */ = {isa = PBXBuildFile; fileRef = 60BDBB142B95F44C0025D49D /* CostInformation.swift */; };
		60BDBB172B95F5220025D49D /* DatabaseParcelInformationPersistence.swift in Sources */ = {isa = PBXBuildFile; fileRef = 60BDBB162B95F5220025D49D /* DatabaseParcelInformationPersistence.swift */; };
		C741F4FA2B46658300A4DDC0 /* AppDelegate.swift in Sources */ = {isa = PBXBuildFile; fileRef = C741F4F92B46658300A4DDC0 /* AppDelegate.swift */; };
		C741F4FC2B46658300A4DDC0 /* SceneDelegate.swift in Sources */ = {isa = PBXBuildFile; fileRef = C741F4FB2B46658300A4DDC0 /* SceneDelegate.swift */; };
		C741F4FE2B46658300A4DDC0 /* ParcelOrderViewController.swift in Sources */ = {isa = PBXBuildFile; fileRef = C741F4FD2B46658300A4DDC0 /* ParcelOrderViewController.swift */; };
		C741F5032B46658400A4DDC0 /* Assets.xcassets in Resources */ = {isa = PBXBuildFile; fileRef = C741F5022B46658400A4DDC0 /* Assets.xcassets */; };
		C741F5062B46658400A4DDC0 /* LaunchScreen.storyboard in Resources */ = {isa = PBXBuildFile; fileRef = C741F5042B46658400A4DDC0 /* LaunchScreen.storyboard */; };
		C741F50E2B46659500A4DDC0 /* ParcelProcessor.swift in Sources */ = {isa = PBXBuildFile; fileRef = C741F50D2B46659500A4DDC0 /* ParcelProcessor.swift */; };
		C741F5102B4675AF00A4DDC0 /* InvoiceViewController.swift in Sources */ = {isa = PBXBuildFile; fileRef = C741F50F2B4675AF00A4DDC0 /* InvoiceViewController.swift */; };
		C741F5122B468AA300A4DDC0 /* ParcelOrderView.swift in Sources */ = {isa = PBXBuildFile; fileRef = C741F5112B468AA300A4DDC0 /* ParcelOrderView.swift */; };
		C741F5142B468AC300A4DDC0 /* InvoiceView.swift in Sources */ = {isa = PBXBuildFile; fileRef = C741F5132B468AC300A4DDC0 /* InvoiceView.swift */; };
/* End PBXBuildFile section */

/* Begin PBXFileReference section */
		602A18A42B98485900E7B73C /* Double+.swift */ = {isa = PBXFileReference; lastKnownFileType = sourcecode.swift; path = "Double+.swift"; sourceTree = "<group>"; };
		6060F64B2B970F1900AE4402 /* Discount.swift */ = {isa = PBXFileReference; lastKnownFileType = sourcecode.swift; path = Discount.swift; sourceTree = "<group>"; };
		6060F64D2B970F5500AE4402 /* DiscountStrategy.swift */ = {isa = PBXFileReference; lastKnownFileType = sourcecode.swift; path = DiscountStrategy.swift; sourceTree = "<group>"; };
		6060F6502B970F7E00AE4402 /* DiscountRatio.swift */ = {isa = PBXFileReference; lastKnownFileType = sourcecode.swift; path = DiscountRatio.swift; sourceTree = "<group>"; };
		60BDBB062B95E7720025D49D /* ReceiverInformation.swift */ = {isa = PBXFileReference; lastKnownFileType = sourcecode.swift; path = ReceiverInformation.swift; sourceTree = "<group>"; };
		60BDBB082B95E7950025D49D /* ParcelInformation.swift */ = {isa = PBXFileReference; lastKnownFileType = sourcecode.swift; path = ParcelInformation.swift; sourceTree = "<group>"; };
		60BDBB142B95F44C0025D49D /* CostInformation.swift */ = {isa = PBXFileReference; lastKnownFileType = sourcecode.swift; path = CostInformation.swift; sourceTree = "<group>"; };
		60BDBB162B95F5220025D49D /* DatabaseParcelInformationPersistence.swift */ = {isa = PBXFileReference; lastKnownFileType = sourcecode.swift; path = DatabaseParcelInformationPersistence.swift; sourceTree = "<group>"; };
		C741F4F62B46658300A4DDC0 /* ParcelInvoiceMaker.app */ = {isa = PBXFileReference; explicitFileType = wrapper.application; includeInIndex = 0; path = ParcelInvoiceMaker.app; sourceTree = BUILT_PRODUCTS_DIR; };
		C741F4F92B46658300A4DDC0 /* AppDelegate.swift */ = {isa = PBXFileReference; lastKnownFileType = sourcecode.swift; path = AppDelegate.swift; sourceTree = "<group>"; };
		C741F4FB2B46658300A4DDC0 /* SceneDelegate.swift */ = {isa = PBXFileReference; lastKnownFileType = sourcecode.swift; path = SceneDelegate.swift; sourceTree = "<group>"; };
		C741F4FD2B46658300A4DDC0 /* ParcelOrderViewController.swift */ = {isa = PBXFileReference; lastKnownFileType = sourcecode.swift; path = ParcelOrderViewController.swift; sourceTree = "<group>"; };
		C741F5022B46658400A4DDC0 /* Assets.xcassets */ = {isa = PBXFileReference; lastKnownFileType = folder.assetcatalog; path = Assets.xcassets; sourceTree = "<group>"; };
		C741F5052B46658400A4DDC0 /* Base */ = {isa = PBXFileReference; lastKnownFileType = file.storyboard; name = Base; path = Base.lproj/LaunchScreen.storyboard; sourceTree = "<group>"; };
		C741F5072B46658400A4DDC0 /* Info.plist */ = {isa = PBXFileReference; lastKnownFileType = text.plist.xml; path = Info.plist; sourceTree = "<group>"; };
		C741F50D2B46659500A4DDC0 /* ParcelProcessor.swift */ = {isa = PBXFileReference; lastKnownFileType = sourcecode.swift; path = ParcelProcessor.swift; sourceTree = "<group>"; };
		C741F50F2B4675AF00A4DDC0 /* InvoiceViewController.swift */ = {isa = PBXFileReference; lastKnownFileType = sourcecode.swift; path = InvoiceViewController.swift; sourceTree = "<group>"; };
		C741F5112B468AA300A4DDC0 /* ParcelOrderView.swift */ = {isa = PBXFileReference; lastKnownFileType = sourcecode.swift; path = ParcelOrderView.swift; sourceTree = "<group>"; };
		C741F5132B468AC300A4DDC0 /* InvoiceView.swift */ = {isa = PBXFileReference; lastKnownFileType = sourcecode.swift; path = InvoiceView.swift; sourceTree = "<group>"; };
/* End PBXFileReference section */

/* Begin PBXFrameworksBuildPhase section */
		C741F4F32B46658300A4DDC0 /* Frameworks */ = {
			isa = PBXFrameworksBuildPhase;
			buildActionMask = 2147483647;
			files = (
			);
			runOnlyForDeploymentPostprocessing = 0;
		};
/* End PBXFrameworksBuildPhase section */

/* Begin PBXGroup section */
		602A18A32B98485100E7B73C /* Utils */ = {
			isa = PBXGroup;
			children = (
				602A18A42B98485900E7B73C /* Double+.swift */,
			);
			path = Utils;
			sourceTree = "<group>";
		};
		6060F64F2B970F7500AE4402 /* Constant */ = {
			isa = PBXGroup;
			children = (
				6060F6502B970F7E00AE4402 /* DiscountRatio.swift */,
			);
			path = Constant;
			sourceTree = "<group>";
		};
		60BDBB052B95E46D0025D49D /* Model */ = {
			isa = PBXGroup;
			children = (
				60BDBB062B95E7720025D49D /* ReceiverInformation.swift */,
				60BDBB142B95F44C0025D49D /* CostInformation.swift */,
				60BDBB082B95E7950025D49D /* ParcelInformation.swift */,
				6060F64B2B970F1900AE4402 /* Discount.swift */,
				6060F64D2B970F5500AE4402 /* DiscountStrategy.swift */,
			);
			path = Model;
			sourceTree = "<group>";
		};
		60BDBB0E2B95EA100025D49D /* View */ = {
			isa = PBXGroup;
			children = (
				60BDBB102B95EA2D0025D49D /* Invoice */,
				60BDBB0F2B95EA260025D49D /* ParcelOrder */,
			);
			path = View;
			sourceTree = "<group>";
		};
		60BDBB0F2B95EA260025D49D /* ParcelOrder */ = {
			isa = PBXGroup;
			children = (
				C741F4FD2B46658300A4DDC0 /* ParcelOrderViewController.swift */,
				C741F5112B468AA300A4DDC0 /* ParcelOrderView.swift */,
			);
			path = ParcelOrder;
			sourceTree = "<group>";
		};
		60BDBB102B95EA2D0025D49D /* Invoice */ = {
			isa = PBXGroup;
			children = (
				C741F50F2B4675AF00A4DDC0 /* InvoiceViewController.swift */,
				C741F5132B468AC300A4DDC0 /* InvoiceView.swift */,
			);
			path = Invoice;
			sourceTree = "<group>";
		};
		60BDBB112B95EA660025D49D /* Resource */ = {
			isa = PBXGroup;
			children = (
				C741F4F92B46658300A4DDC0 /* AppDelegate.swift */,
				C741F4FB2B46658300A4DDC0 /* SceneDelegate.swift */,
			);
			path = Resource;
			sourceTree = "<group>";
		};
		60BDBB122B95EA7B0025D49D /* Source */ = {
			isa = PBXGroup;
			children = (
				602A18A32B98485100E7B73C /* Utils */,
				6060F64F2B970F7500AE4402 /* Constant */,
				60BDBB132B95EB3F0025D49D /* Service */,
				60BDBB0E2B95EA100025D49D /* View */,
				60BDBB052B95E46D0025D49D /* Model */,
			);
			path = Source;
			sourceTree = "<group>";
		};
		60BDBB132B95EB3F0025D49D /* Service */ = {
			isa = PBXGroup;
			children = (
				C741F50D2B46659500A4DDC0 /* ParcelProcessor.swift */,
				60BDBB162B95F5220025D49D /* DatabaseParcelInformationPersistence.swift */,
			);
			path = Service;
			sourceTree = "<group>";
		};
		C741F4ED2B46658300A4DDC0 = {
			isa = PBXGroup;
			children = (
				C741F4F82B46658300A4DDC0 /* ParcelInvoiceMaker */,
				C741F4F72B46658300A4DDC0 /* Products */,
			);
			sourceTree = "<group>";
		};
		C741F4F72B46658300A4DDC0 /* Products */ = {
			isa = PBXGroup;
			children = (
				C741F4F62B46658300A4DDC0 /* ParcelInvoiceMaker.app */,
			);
			name = Products;
			sourceTree = "<group>";
		};
		C741F4F82B46658300A4DDC0 /* ParcelInvoiceMaker */ = {
			isa = PBXGroup;
			children = (
				60BDBB112B95EA660025D49D /* Resource */,
				60BDBB122B95EA7B0025D49D /* Source */,
				C741F5022B46658400A4DDC0 /* Assets.xcassets */,
				C741F5042B46658400A4DDC0 /* LaunchScreen.storyboard */,
				C741F5072B46658400A4DDC0 /* Info.plist */,
			);
			path = ParcelInvoiceMaker;
			sourceTree = "<group>";
		};
/* End PBXGroup section */

/* Begin PBXNativeTarget section */
		C741F4F52B46658300A4DDC0 /* ParcelInvoiceMaker */ = {
			isa = PBXNativeTarget;
			buildConfigurationList = C741F50A2B46658400A4DDC0 /* Build configuration list for PBXNativeTarget "ParcelInvoiceMaker" */;
			buildPhases = (
				C741F4F22B46658300A4DDC0 /* Sources */,
				C741F4F32B46658300A4DDC0 /* Frameworks */,
				C741F4F42B46658300A4DDC0 /* Resources */,
			);
			buildRules = (
			);
			dependencies = (
			);
			name = ParcelInvoiceMaker;
			productName = ParcelInvoiceMaker;
			productReference = C741F4F62B46658300A4DDC0 /* ParcelInvoiceMaker.app */;
			productType = "com.apple.product-type.application";
		};
/* End PBXNativeTarget section */

/* Begin PBXProject section */
		C741F4EE2B46658300A4DDC0 /* Project object */ = {
			isa = PBXProject;
			attributes = {
				BuildIndependentTargetsInParallel = 1;
				LastSwiftUpdateCheck = 1500;
				LastUpgradeCheck = 1500;
				TargetAttributes = {
					C741F4F52B46658300A4DDC0 = {
						CreatedOnToolsVersion = 15.0.1;
					};
				};
			};
			buildConfigurationList = C741F4F12B46658300A4DDC0 /* Build configuration list for PBXProject "ParcelInvoiceMaker" */;
			compatibilityVersion = "Xcode 14.0";
			developmentRegion = en;
			hasScannedForEncodings = 0;
			knownRegions = (
				en,
				Base,
			);
			mainGroup = C741F4ED2B46658300A4DDC0;
			productRefGroup = C741F4F72B46658300A4DDC0 /* Products */;
			projectDirPath = "";
			projectRoot = "";
			targets = (
				C741F4F52B46658300A4DDC0 /* ParcelInvoiceMaker */,
			);
		};
/* End PBXProject section */

/* Begin PBXResourcesBuildPhase section */
		C741F4F42B46658300A4DDC0 /* Resources */ = {
			isa = PBXResourcesBuildPhase;
			buildActionMask = 2147483647;
			files = (
				C741F5062B46658400A4DDC0 /* LaunchScreen.storyboard in Resources */,
				C741F5032B46658400A4DDC0 /* Assets.xcassets in Resources */,
			);
			runOnlyForDeploymentPostprocessing = 0;
		};
/* End PBXResourcesBuildPhase section */

/* Begin PBXSourcesBuildPhase section */
		C741F4F22B46658300A4DDC0 /* Sources */ = {
			isa = PBXSourcesBuildPhase;
			buildActionMask = 2147483647;
			files = (
				6060F6512B970F7E00AE4402 /* DiscountRatio.swift in Sources */,
				60BDBB092B95E7950025D49D /* ParcelInformation.swift in Sources */,
				C741F4FE2B46658300A4DDC0 /* ParcelOrderViewController.swift in Sources */,
				C741F5142B468AC300A4DDC0 /* InvoiceView.swift in Sources */,
				602A18A52B98485900E7B73C /* Double+.swift in Sources */,
				60BDBB172B95F5220025D49D /* DatabaseParcelInformationPersistence.swift in Sources */,
				C741F4FA2B46658300A4DDC0 /* AppDelegate.swift in Sources */,
				C741F50E2B46659500A4DDC0 /* ParcelProcessor.swift in Sources */,
				6060F64E2B970F5500AE4402 /* DiscountStrategy.swift in Sources */,
				60BDBB152B95F44C0025D49D /* CostInformation.swift in Sources */,
				C741F5102B4675AF00A4DDC0 /* InvoiceViewController.swift in Sources */,
				6060F64C2B970F1900AE4402 /* Discount.swift in Sources */,
				C741F5122B468AA300A4DDC0 /* ParcelOrderView.swift in Sources */,
				C741F4FC2B46658300A4DDC0 /* SceneDelegate.swift in Sources */,
				60BDBB072B95E7720025D49D /* ReceiverInformation.swift in Sources */,
			);
			runOnlyForDeploymentPostprocessing = 0;
		};
/* End PBXSourcesBuildPhase section */

/* Begin PBXVariantGroup section */
		C741F5042B46658400A4DDC0 /* LaunchScreen.storyboard */ = {
			isa = PBXVariantGroup;
			children = (
				C741F5052B46658400A4DDC0 /* Base */,
			);
			name = LaunchScreen.storyboard;
			sourceTree = "<group>";
		};
/* End PBXVariantGroup section */

/* Begin XCBuildConfiguration section */
		C741F5082B46658400A4DDC0 /* Debug */ = {
			isa = XCBuildConfiguration;
			buildSettings = {
				ALWAYS_SEARCH_USER_PATHS = NO;
				ASSETCATALOG_COMPILER_GENERATE_SWIFT_ASSET_SYMBOL_EXTENSIONS = YES;
				CLANG_ANALYZER_NONNULL = YES;
				CLANG_ANALYZER_NUMBER_OBJECT_CONVERSION = YES_AGGRESSIVE;
				CLANG_CXX_LANGUAGE_STANDARD = "gnu++20";
				CLANG_ENABLE_MODULES = YES;
				CLANG_ENABLE_OBJC_ARC = YES;
				CLANG_ENABLE_OBJC_WEAK = YES;
				CLANG_WARN_BLOCK_CAPTURE_AUTORELEASING = YES;
				CLANG_WARN_BOOL_CONVERSION = YES;
				CLANG_WARN_COMMA = YES;
				CLANG_WARN_CONSTANT_CONVERSION = YES;
				CLANG_WARN_DEPRECATED_OBJC_IMPLEMENTATIONS = YES;
				CLANG_WARN_DIRECT_OBJC_ISA_USAGE = YES_ERROR;
				CLANG_WARN_DOCUMENTATION_COMMENTS = YES;
				CLANG_WARN_EMPTY_BODY = YES;
				CLANG_WARN_ENUM_CONVERSION = YES;
				CLANG_WARN_INFINITE_RECURSION = YES;
				CLANG_WARN_INT_CONVERSION = YES;
				CLANG_WARN_NON_LITERAL_NULL_CONVERSION = YES;
				CLANG_WARN_OBJC_IMPLICIT_RETAIN_SELF = YES;
				CLANG_WARN_OBJC_LITERAL_CONVERSION = YES;
				CLANG_WARN_OBJC_ROOT_CLASS = YES_ERROR;
				CLANG_WARN_QUOTED_INCLUDE_IN_FRAMEWORK_HEADER = YES;
				CLANG_WARN_RANGE_LOOP_ANALYSIS = YES;
				CLANG_WARN_STRICT_PROTOTYPES = YES;
				CLANG_WARN_SUSPICIOUS_MOVE = YES;
				CLANG_WARN_UNGUARDED_AVAILABILITY = YES_AGGRESSIVE;
				CLANG_WARN_UNREACHABLE_CODE = YES;
				CLANG_WARN__DUPLICATE_METHOD_MATCH = YES;
				COPY_PHASE_STRIP = NO;
				DEBUG_INFORMATION_FORMAT = dwarf;
				ENABLE_STRICT_OBJC_MSGSEND = YES;
				ENABLE_TESTABILITY = YES;
				ENABLE_USER_SCRIPT_SANDBOXING = YES;
				GCC_C_LANGUAGE_STANDARD = gnu17;
				GCC_DYNAMIC_NO_PIC = NO;
				GCC_NO_COMMON_BLOCKS = YES;
				GCC_OPTIMIZATION_LEVEL = 0;
				GCC_PREPROCESSOR_DEFINITIONS = (
					"DEBUG=1",
					"$(inherited)",
				);
				GCC_WARN_64_TO_32_BIT_CONVERSION = YES;
				GCC_WARN_ABOUT_RETURN_TYPE = YES_ERROR;
				GCC_WARN_UNDECLARED_SELECTOR = YES;
				GCC_WARN_UNINITIALIZED_AUTOS = YES_AGGRESSIVE;
				GCC_WARN_UNUSED_FUNCTION = YES;
				GCC_WARN_UNUSED_VARIABLE = YES;
				IPHONEOS_DEPLOYMENT_TARGET = 15.3;
				LOCALIZATION_PREFERS_STRING_CATALOGS = YES;
				MTL_ENABLE_DEBUG_INFO = INCLUDE_SOURCE;
				MTL_FAST_MATH = YES;
				ONLY_ACTIVE_ARCH = YES;
				SDKROOT = iphoneos;
				SWIFT_ACTIVE_COMPILATION_CONDITIONS = "DEBUG $(inherited)";
				SWIFT_OPTIMIZATION_LEVEL = "-Onone";
			};
			name = Debug;
		};
		C741F5092B46658400A4DDC0 /* Release */ = {
			isa = XCBuildConfiguration;
			buildSettings = {
				ALWAYS_SEARCH_USER_PATHS = NO;
				ASSETCATALOG_COMPILER_GENERATE_SWIFT_ASSET_SYMBOL_EXTENSIONS = YES;
				CLANG_ANALYZER_NONNULL = YES;
				CLANG_ANALYZER_NUMBER_OBJECT_CONVERSION = YES_AGGRESSIVE;
				CLANG_CXX_LANGUAGE_STANDARD = "gnu++20";
				CLANG_ENABLE_MODULES = YES;
				CLANG_ENABLE_OBJC_ARC = YES;
				CLANG_ENABLE_OBJC_WEAK = YES;
				CLANG_WARN_BLOCK_CAPTURE_AUTORELEASING = YES;
				CLANG_WARN_BOOL_CONVERSION = YES;
				CLANG_WARN_COMMA = YES;
				CLANG_WARN_CONSTANT_CONVERSION = YES;
				CLANG_WARN_DEPRECATED_OBJC_IMPLEMENTATIONS = YES;
				CLANG_WARN_DIRECT_OBJC_ISA_USAGE = YES_ERROR;
				CLANG_WARN_DOCUMENTATION_COMMENTS = YES;
				CLANG_WARN_EMPTY_BODY = YES;
				CLANG_WARN_ENUM_CONVERSION = YES;
				CLANG_WARN_INFINITE_RECURSION = YES;
				CLANG_WARN_INT_CONVERSION = YES;
				CLANG_WARN_NON_LITERAL_NULL_CONVERSION = YES;
				CLANG_WARN_OBJC_IMPLICIT_RETAIN_SELF = YES;
				CLANG_WARN_OBJC_LITERAL_CONVERSION = YES;
				CLANG_WARN_OBJC_ROOT_CLASS = YES_ERROR;
				CLANG_WARN_QUOTED_INCLUDE_IN_FRAMEWORK_HEADER = YES;
				CLANG_WARN_RANGE_LOOP_ANALYSIS = YES;
				CLANG_WARN_STRICT_PROTOTYPES = YES;
				CLANG_WARN_SUSPICIOUS_MOVE = YES;
				CLANG_WARN_UNGUARDED_AVAILABILITY = YES_AGGRESSIVE;
				CLANG_WARN_UNREACHABLE_CODE = YES;
				CLANG_WARN__DUPLICATE_METHOD_MATCH = YES;
				COPY_PHASE_STRIP = NO;
				DEBUG_INFORMATION_FORMAT = "dwarf-with-dsym";
				ENABLE_NS_ASSERTIONS = NO;
				ENABLE_STRICT_OBJC_MSGSEND = YES;
				ENABLE_USER_SCRIPT_SANDBOXING = YES;
				GCC_C_LANGUAGE_STANDARD = gnu17;
				GCC_NO_COMMON_BLOCKS = YES;
				GCC_WARN_64_TO_32_BIT_CONVERSION = YES;
				GCC_WARN_ABOUT_RETURN_TYPE = YES_ERROR;
				GCC_WARN_UNDECLARED_SELECTOR = YES;
				GCC_WARN_UNINITIALIZED_AUTOS = YES_AGGRESSIVE;
				GCC_WARN_UNUSED_FUNCTION = YES;
				GCC_WARN_UNUSED_VARIABLE = YES;
				IPHONEOS_DEPLOYMENT_TARGET = 15.3;
				LOCALIZATION_PREFERS_STRING_CATALOGS = YES;
				MTL_ENABLE_DEBUG_INFO = NO;
				MTL_FAST_MATH = YES;
				SDKROOT = iphoneos;
				SWIFT_COMPILATION_MODE = wholemodule;
				VALIDATE_PRODUCT = YES;
			};
			name = Release;
		};
		C741F50B2B46658400A4DDC0 /* Debug */ = {
			isa = XCBuildConfiguration;
			buildSettings = {
				ASSETCATALOG_COMPILER_APPICON_NAME = AppIcon;
				ASSETCATALOG_COMPILER_GLOBAL_ACCENT_COLOR_NAME = AccentColor;
				CODE_SIGN_STYLE = Automatic;
				CURRENT_PROJECT_VERSION = 1;
				GENERATE_INFOPLIST_FILE = YES;
				INFOPLIST_FILE = ParcelInvoiceMaker/Info.plist;
				INFOPLIST_KEY_UIApplicationSupportsIndirectInputEvents = YES;
				INFOPLIST_KEY_UILaunchStoryboardName = LaunchScreen;
				INFOPLIST_KEY_UISupportedInterfaceOrientations_iPad = "UIInterfaceOrientationPortrait UIInterfaceOrientationPortraitUpsideDown UIInterfaceOrientationLandscapeLeft UIInterfaceOrientationLandscapeRight";
				INFOPLIST_KEY_UISupportedInterfaceOrientations_iPhone = "UIInterfaceOrientationLandscapeLeft UIInterfaceOrientationLandscapeRight";
				LD_RUNPATH_SEARCH_PATHS = (
					"$(inherited)",
					"@executable_path/Frameworks",
				);
				MARKETING_VERSION = 1.0;
				PRODUCT_BUNDLE_IDENTIFIER = "kr.yagom-academy.ParcelInvoiceMaker";
				PRODUCT_NAME = "$(TARGET_NAME)";
				SWIFT_EMIT_LOC_STRINGS = YES;
				SWIFT_VERSION = 5.0;
				TARGETED_DEVICE_FAMILY = "1,2";
			};
			name = Debug;
		};
		C741F50C2B46658400A4DDC0 /* Release */ = {
			isa = XCBuildConfiguration;
			buildSettings = {
				ASSETCATALOG_COMPILER_APPICON_NAME = AppIcon;
				ASSETCATALOG_COMPILER_GLOBAL_ACCENT_COLOR_NAME = AccentColor;
				CODE_SIGN_STYLE = Automatic;
				CURRENT_PROJECT_VERSION = 1;
				GENERATE_INFOPLIST_FILE = YES;
				INFOPLIST_FILE = ParcelInvoiceMaker/Info.plist;
				INFOPLIST_KEY_UIApplicationSupportsIndirectInputEvents = YES;
				INFOPLIST_KEY_UILaunchStoryboardName = LaunchScreen;
				INFOPLIST_KEY_UISupportedInterfaceOrientations_iPad = "UIInterfaceOrientationPortrait UIInterfaceOrientationPortraitUpsideDown UIInterfaceOrientationLandscapeLeft UIInterfaceOrientationLandscapeRight";
				INFOPLIST_KEY_UISupportedInterfaceOrientations_iPhone = "UIInterfaceOrientationLandscapeLeft UIInterfaceOrientationLandscapeRight";
				LD_RUNPATH_SEARCH_PATHS = (
					"$(inherited)",
					"@executable_path/Frameworks",
				);
				MARKETING_VERSION = 1.0;
				PRODUCT_BUNDLE_IDENTIFIER = "kr.yagom-academy.ParcelInvoiceMaker";
				PRODUCT_NAME = "$(TARGET_NAME)";
				SWIFT_EMIT_LOC_STRINGS = YES;
				SWIFT_VERSION = 5.0;
				TARGETED_DEVICE_FAMILY = "1,2";
			};
			name = Release;
		};
/* End XCBuildConfiguration section */

/* Begin XCConfigurationList section */
		C741F4F12B46658300A4DDC0 /* Build configuration list for PBXProject "ParcelInvoiceMaker" */ = {
			isa = XCConfigurationList;
			buildConfigurations = (
				C741F5082B46658400A4DDC0 /* Debug */,
				C741F5092B46658400A4DDC0 /* Release */,
			);
			defaultConfigurationIsVisible = 0;
			defaultConfigurationName = Release;
		};
		C741F50A2B46658400A4DDC0 /* Build configuration list for PBXNativeTarget "ParcelInvoiceMaker" */ = {
			isa = XCConfigurationList;
			buildConfigurations = (
				C741F50B2B46658400A4DDC0 /* Debug */,
				C741F50C2B46658400A4DDC0 /* Release */,
			);
			defaultConfigurationIsVisible = 0;
			defaultConfigurationName = Release;
		};
/* End XCConfigurationList section */
	};
	rootObject = C741F4EE2B46658300A4DDC0 /* Project object */;
}
